# This file is automatically @generated by Cargo.
# It is not intended for manual editing.
version = 3

[[package]]
name = "bounded-vec-deque"
version = "0.1.1"
source = "registry+https://github.com/rust-lang/crates.io-index"
checksum = "2225b558afc76c596898f5f1b3fc35cfce0eb1b13635cbd7d1b2a7177dc10ccd"

[[package]]
name = "day-6"
version = "0.1.0"
dependencies = [
 "bounded-vec-deque",
]
